
Microsoft Visual Studio Solution File, Format Version 12.00
# Visual Studio Version 17
VisualStudioVersion = 17.9.34607.119
MinimumVisualStudioVersion = 10.0.40219.1
Project("{9A19103F-16F7-4668-BE54-9A1E7A4F7556}") = "Server", "Server\Server.csproj", "{C77B23B2-90C7-4C66-B4C7-BC390844285B}"
EndProject
Project("{9A19103F-16F7-4668-BE54-9A1E7A4F7556}") = "Client", "Client\Client.csproj", "{C0057A01-0006-4E6E-864B-940517D80667}"
EndProject
Global
	GlobalSection(SolutionConfigurationPlatforms) = preSolution
		Debug|Any CPU = Debug|Any CPU
		Release|Any CPU = Release|Any CPU
	EndGlobalSection
	GlobalSection(ProjectConfigurationPlatforms) = postSolution
		{C77B23B2-90C7-4C66-B4C7-BC390844285B}.Debug|Any CPU.ActiveCfg = Debug|Any CPU
		{C77B23B2-90C7-4C66-B4C7-BC390844285B}.Debug|Any CPU.Build.0 = Debug|Any CPU
		{C77B23B2-90C7-4C66-B4C7-BC390844285B}.Release|Any CPU.ActiveCfg = Release|Any CPU
		{C77B23B2-90C7-4C66-B4C7-BC390844285B}.Release|Any CPU.Build.0 = Release|Any CPU
		{C0057A01-0006-4E6E-864B-940517D80667}.Debug|Any CPU.ActiveCfg = Debug|Any CPU
		{C0057A01-0006-4E6E-864B-940517D80667}.Debug|Any CPU.Build.0 = Debug|Any CPU
		{C0057A01-0006-4E6E-864B-940517D80667}.Release|Any CPU.ActiveCfg = Release|Any CPU
		{C0057A01-0006-4E6E-864B-940517D80667}.Release|Any CPU.Build.0 = Release|Any CPU
	EndGlobalSection
	GlobalSection(SolutionProperties) = preSolution
		HideSolutionNode = FALSE
	EndGlobalSection
	GlobalSection(ExtensibilityGlobals) = postSolution
		SolutionGuid = {A1BA9A50-3817-4405-B44C-EA302353FB43}
	EndGlobalSection
EndGlobal
